
Microsoft Visual Studio Solution File, Format Version 12.00
# Visual Studio 15
VisualStudioVersion = 15.0.27428.2005
MinimumVisualStudioVersion = 10.0.40219.1
Project("{9A19103F-16F7-4668-BE54-9A1E7A4F7556}") = "Kentor.Log4NetExtensions.BurstFilter", "Kentor.Log4NetExtensions.BurstFilter\Kentor.Log4NetExtensions.BurstFilter.csproj", "{3009079D-4E36-48CA-A978-CC342D985AE1}"
EndProject
Project("{2150E333-8FDC-42A3-9474-1A3956D46DE8}") = "Solution Items", "Solution Items", "{195F0EEF-8DEA-4F4C-82CC-6FB3E9799B1E}"
	ProjectSection(SolutionItems) = preProject
		Kentor.png = Kentor.png
		LICENSE = LICENSE
		README.md = README.md
	EndProjectSection
EndProject
Project("{9A19103F-16F7-4668-BE54-9A1E7A4F7556}") = "Kentor.Log4NetExtensions.BurstFilter.Tests", "Kentor.Log4NetExtensions.BurstFilter.Tests\Kentor.Log4NetExtensions.BurstFilter.Tests.csproj", "{92D9E70D-FB71-49B7-BBF3-5BAC61C942F5}"
EndProject
Global
	GlobalSection(SolutionConfigurationPlatforms) = preSolution
		Debug|Any CPU = Debug|Any CPU
		Release|Any CPU = Release|Any CPU
	EndGlobalSection
	GlobalSection(ProjectConfigurationPlatforms) = postSolution
		{3009079D-4E36-48CA-A978-CC342D985AE1}.Debug|Any CPU.ActiveCfg = Debug|Any CPU
		{3009079D-4E36-48CA-A978-CC342D985AE1}.Debug|Any CPU.Build.0 = Debug|Any CPU
		{3009079D-4E36-48CA-A978-CC342D985AE1}.Release|Any CPU.ActiveCfg = Release|Any CPU
		{3009079D-4E36-48CA-A978-CC342D985AE1}.Release|Any CPU.Build.0 = Release|Any CPU
		{92D9E70D-FB71-49B7-BBF3-5BAC61C942F5}.Debug|Any CPU.ActiveCfg = Debug|Any CPU
		{92D9E70D-FB71-49B7-BBF3-5BAC61C942F5}.Debug|Any CPU.Build.0 = Debug|Any CPU
		{92D9E70D-FB71-49B7-BBF3-5BAC61C942F5}.Release|Any CPU.ActiveCfg = Release|Any CPU
		{92D9E70D-FB71-49B7-BBF3-5BAC61C942F5}.Release|Any CPU.Build.0 = Release|Any CPU
	EndGlobalSection
	GlobalSection(SolutionProperties) = preSolution
		HideSolutionNode = FALSE
	EndGlobalSection
	GlobalSection(ExtensibilityGlobals) = postSolution
		SolutionGuid = {DFED3807-2061-4BF4-8A08-57B28EE96E4E}
	EndGlobalSection
EndGlobal
